
Microsoft Visual Studio Solution File, Format Version 12.00
# Visual Studio 2013
VisualStudioVersion = 12.0.31101.0
MinimumVisualStudioVersion = 10.0.40219.1
Project("{FAE04EC0-301F-11D3-BF4B-00C04F79EFBC}") = "Loggor.TestHarness", "Loggor.TestHarness\Loggor.TestHarness.csproj", "{1FA91D68-6F3F-478B-ABB5-7BFA80849B8D}"
EndProject
Project("{FAE04EC0-301F-11D3-BF4B-00C04F79EFBC}") = "Loggor.Lib", "Loggor.Lib\Loggor.Lib.csproj", "{8187C41B-2B5D-444D-97F8-27704F92BE4C}"
EndProject
Project("{2150E333-8FDC-42A3-9474-1A3956D46DE8}") = ".nuget", ".nuget", "{EBB034E7-EEDE-4720-8B01-08E51DA39E46}"
	ProjectSection(SolutionItems) = preProject
		.nuget\NuGet.Config = .nuget\NuGet.Config
		.nuget\NuGet.exe = .nuget\NuGet.exe
		.nuget\NuGet.targets = .nuget\NuGet.targets
	EndProjectSection
EndProject
Project("{FAE04EC0-301F-11D3-BF4B-00C04F79EFBC}") = "Loggor.EnterpriseLibraryLoggingHandler", "Loggor.EnterpriseLibraryLoggingHandler\Loggor.EnterpriseLibraryLoggingHandler.csproj", "{E7BDD514-D4D5-45CF-8D11-A5978EF15131}"
EndProject
Project("{FAE04EC0-301F-11D3-BF4B-00C04F79EFBC}") = "Loggor.DevelopperLoggingHandler", "Loggor.DevelopperLoggingHandler\Loggor.DevelopperLoggingHandler.csproj", "{1FAE72F6-0085-4972-8DB4-9C69242FF3E8}"
EndProject
Project("{7CF6DF6D-3B04-46F8-A40B-537D21BCA0B4}") = "Loggor.TestHarness.Documentation", "Loggor.TestHarness.Documentation\Loggor.TestHarness.Documentation.shfbproj", "{67279D6F-268C-4EBC-A33A-C0E24D5AD51D}"
EndProject
Global
	GlobalSection(SolutionConfigurationPlatforms) = preSolution
		Debug|Any CPU = Debug|Any CPU
		Release|Any CPU = Release|Any CPU
	EndGlobalSection
	GlobalSection(ProjectConfigurationPlatforms) = postSolution
		{1FA91D68-6F3F-478B-ABB5-7BFA80849B8D}.Debug|Any CPU.ActiveCfg = Debug|Any CPU
		{1FA91D68-6F3F-478B-ABB5-7BFA80849B8D}.Debug|Any CPU.Build.0 = Debug|Any CPU
		{1FA91D68-6F3F-478B-ABB5-7BFA80849B8D}.Release|Any CPU.ActiveCfg = Release|Any CPU
		{1FA91D68-6F3F-478B-ABB5-7BFA80849B8D}.Release|Any CPU.Build.0 = Release|Any CPU
		{8187C41B-2B5D-444D-97F8-27704F92BE4C}.Debug|Any CPU.ActiveCfg = Debug|Any CPU
		{8187C41B-2B5D-444D-97F8-27704F92BE4C}.Debug|Any CPU.Build.0 = Debug|Any CPU
		{8187C41B-2B5D-444D-97F8-27704F92BE4C}.Release|Any CPU.ActiveCfg = Release|Any CPU
		{8187C41B-2B5D-444D-97F8-27704F92BE4C}.Release|Any CPU.Build.0 = Release|Any CPU
		{E7BDD514-D4D5-45CF-8D11-A5978EF15131}.Debug|Any CPU.ActiveCfg = Debug|Any CPU
		{E7BDD514-D4D5-45CF-8D11-A5978EF15131}.Debug|Any CPU.Build.0 = Debug|Any CPU
		{E7BDD514-D4D5-45CF-8D11-A5978EF15131}.Release|Any CPU.ActiveCfg = Release|Any CPU
		{E7BDD514-D4D5-45CF-8D11-A5978EF15131}.Release|Any CPU.Build.0 = Release|Any CPU
		{1FAE72F6-0085-4972-8DB4-9C69242FF3E8}.Debug|Any CPU.ActiveCfg = Debug|Any CPU
		{1FAE72F6-0085-4972-8DB4-9C69242FF3E8}.Debug|Any CPU.Build.0 = Debug|Any CPU
		{1FAE72F6-0085-4972-8DB4-9C69242FF3E8}.Release|Any CPU.ActiveCfg = Release|Any CPU
		{1FAE72F6-0085-4972-8DB4-9C69242FF3E8}.Release|Any CPU.Build.0 = Release|Any CPU
		{67279D6F-268C-4EBC-A33A-C0E24D5AD51D}.Debug|Any CPU.ActiveCfg = Debug|Any CPU
		{67279D6F-268C-4EBC-A33A-C0E24D5AD51D}.Debug|Any CPU.Build.0 = Debug|Any CPU
		{67279D6F-268C-4EBC-A33A-C0E24D5AD51D}.Release|Any CPU.ActiveCfg = Release|Any CPU
		{67279D6F-268C-4EBC-A33A-C0E24D5AD51D}.Release|Any CPU.Build.0 = Release|Any CPU
	EndGlobalSection
	GlobalSection(SolutionProperties) = preSolution
		HideSolutionNode = FALSE
	EndGlobalSection
	GlobalSection(ExtensibilityGlobals) = postSolution
		EnterpriseLibraryConfigurationToolBinariesPathV6 = packages\EnterpriseLibrary.Common.6.0.1304.0\lib\NET45;packages\EnterpriseLibrary.Logging.6.0.1304.0\lib\NET45
	EndGlobalSection
EndGlobal
